
Microsoft Visual Studio Solution File, Format Version 12.00
# Visual Studio Version 17
VisualStudioVersion = 17.4.33122.133
MinimumVisualStudioVersion = 10.0.40219.1
Project("{2150E333-8FDC-42A3-9474-1A3956D46DE8}") = "Solution Items", "Solution Items", "{42033975-EA72-4339-B5ED-1A24F426DB8D}"
	ProjectSection(SolutionItems) = preProject
		.github\workflows\build.yml = .github\workflows\build.yml
		Directory.Build.props = Directory.Build.props
		Install.txt = Install.txt
		LICENSE = LICENSE
		README.md = README.md
	EndProjectSection
EndProject
Project("{9A19103F-16F7-4668-BE54-9A1E7A4F7556}") = "MsiZapEx", "MsiZapEx\MsiZapEx.csproj", "{9F89D927-E4D7-48F1-89B6-C7E41816F202}"
EndProject
Global
	GlobalSection(SolutionConfigurationPlatforms) = preSolution
		Debug|Any CPU = Debug|Any CPU
		Debug|x64 = Debug|x64
		Debug|x86 = Debug|x86
		Release|Any CPU = Release|Any CPU
		Release|x64 = Release|x64
		Release|x86 = Release|x86
	EndGlobalSection
	GlobalSection(ProjectConfigurationPlatforms) = postSolution
		{9F89D927-E4D7-48F1-89B6-C7E41816F202}.Debug|Any CPU.ActiveCfg = Debug|Any CPU
		{9F89D927-E4D7-48F1-89B6-C7E41816F202}.Debug|Any CPU.Build.0 = Debug|Any CPU
		{9F89D927-E4D7-48F1-89B6-C7E41816F202}.Debug|x64.ActiveCfg = Debug|Any CPU
		{9F89D927-E4D7-48F1-89B6-C7E41816F202}.Debug|x64.Build.0 = Debug|Any CPU
		{9F89D927-E4D7-48F1-89B6-C7E41816F202}.Debug|x86.ActiveCfg = Debug|Any CPU
		{9F89D927-E4D7-48F1-89B6-C7E41816F202}.Debug|x86.Build.0 = Debug|Any CPU
		{9F89D927-E4D7-48F1-89B6-C7E41816F202}.Release|Any CPU.ActiveCfg = Release|Any CPU
		{9F89D927-E4D7-48F1-89B6-C7E41816F202}.Release|Any CPU.Build.0 = Release|Any CPU
		{9F89D927-E4D7-48F1-89B6-C7E41816F202}.Release|x64.ActiveCfg = Release|Any CPU
		{9F89D927-E4D7-48F1-89B6-C7E41816F202}.Release|x64.Build.0 = Release|Any CPU
		{9F89D927-E4D7-48F1-89B6-C7E41816F202}.Release|x86.ActiveCfg = Release|Any CPU
		{9F89D927-E4D7-48F1-89B6-C7E41816F202}.Release|x86.Build.0 = Release|Any CPU
	EndGlobalSection
	GlobalSection(SolutionProperties) = preSolution
		HideSolutionNode = FALSE
	EndGlobalSection
	GlobalSection(ExtensibilityGlobals) = postSolution
		SolutionGuid = {783665BC-692F-42E1-A25D-0F251B293DF8}
	EndGlobalSection
EndGlobal
