
Microsoft Visual Studio Solution File, Format Version 12.00
# Visual Studio 15
VisualStudioVersion = 15.0.26403.7
MinimumVisualStudioVersion = 10.0.40219.1
Project("{930C7802-8A8C-48F9-8165-68863BCCD9DD}") = "SetupProject1", "SetupProject1\SetupProject1.wixproj", "{C8C7009A-A469-48FD-9A5B-FC5242E411EF}"
EndProject
Project("{2150E333-8FDC-42A3-9474-1A3956D46DE8}") = "Solution Items", "Solution Items", "{42033975-EA72-4339-B5ED-1A24F426DB8D}"
	ProjectSection(SolutionItems) = preProject
		Install.txt = Install.txt
	EndProjectSection
EndProject
Project("{FAE04EC0-301F-11D3-BF4B-00C04F79EFBC}") = "MsiZapEx", "MsiZapEx\MsiZapEx.csproj", "{9F89D927-E4D7-48F1-89B6-C7E41816F202}"
EndProject
Global
	GlobalSection(SolutionConfigurationPlatforms) = preSolution
		Debug|Any CPU = Debug|Any CPU
		Debug|x86 = Debug|x86
		Release|Any CPU = Release|Any CPU
		Release|x86 = Release|x86
	EndGlobalSection
	GlobalSection(ProjectConfigurationPlatforms) = postSolution
		{C8C7009A-A469-48FD-9A5B-FC5242E411EF}.Debug|Any CPU.ActiveCfg = Debug|x86
		{C8C7009A-A469-48FD-9A5B-FC5242E411EF}.Debug|x86.ActiveCfg = Debug|x86
		{C8C7009A-A469-48FD-9A5B-FC5242E411EF}.Debug|x86.Build.0 = Debug|x86
		{C8C7009A-A469-48FD-9A5B-FC5242E411EF}.Release|Any CPU.ActiveCfg = Release|x86
		{C8C7009A-A469-48FD-9A5B-FC5242E411EF}.Release|x86.ActiveCfg = Release|x86
		{C8C7009A-A469-48FD-9A5B-FC5242E411EF}.Release|x86.Build.0 = Release|x86
		{9F89D927-E4D7-48F1-89B6-C7E41816F202}.Debug|Any CPU.ActiveCfg = Debug|Any CPU
		{9F89D927-E4D7-48F1-89B6-C7E41816F202}.Debug|Any CPU.Build.0 = Debug|Any CPU
		{9F89D927-E4D7-48F1-89B6-C7E41816F202}.Debug|x86.ActiveCfg = Debug|Any CPU
		{9F89D927-E4D7-48F1-89B6-C7E41816F202}.Debug|x86.Build.0 = Debug|Any CPU
		{9F89D927-E4D7-48F1-89B6-C7E41816F202}.Release|Any CPU.ActiveCfg = Release|Any CPU
		{9F89D927-E4D7-48F1-89B6-C7E41816F202}.Release|Any CPU.Build.0 = Release|Any CPU
		{9F89D927-E4D7-48F1-89B6-C7E41816F202}.Release|x86.ActiveCfg = Release|Any CPU
		{9F89D927-E4D7-48F1-89B6-C7E41816F202}.Release|x86.Build.0 = Release|Any CPU
	EndGlobalSection
	GlobalSection(SolutionProperties) = preSolution
		HideSolutionNode = FALSE
	EndGlobalSection
EndGlobal
